
Microsoft Visual Studio Solution File, Format Version 12.00
# Visual Studio 15
VisualStudioVersion = 15.0.28307.421
MinimumVisualStudioVersion = 10.0.40219.1
Project("{FAE04EC0-301F-11D3-BF4B-00C04F79EFBC}") = "Курсовая ASP.NET", "Курсовая ASP.NET\Курсовая ASP.NET.csproj", "{5C78BCAC-BC8B-41D3-B862-142DD3C13511}"
EndProject
Global
	GlobalSection(SolutionConfigurationPlatforms) = preSolution
		Debug|Any CPU = Debug|Any CPU
		Release|Any CPU = Release|Any CPU
	EndGlobalSection
	GlobalSection(ProjectConfigurationPlatforms) = postSolution
		{5C78BCAC-BC8B-41D3-B862-142DD3C13511}.Debug|Any CPU.ActiveCfg = Debug|Any CPU
		{5C78BCAC-BC8B-41D3-B862-142DD3C13511}.Debug|Any CPU.Build.0 = Debug|Any CPU
		{5C78BCAC-BC8B-41D3-B862-142DD3C13511}.Release|Any CPU.ActiveCfg = Release|Any CPU
		{5C78BCAC-BC8B-41D3-B862-142DD3C13511}.Release|Any CPU.Build.0 = Release|Any CPU
	EndGlobalSection
	GlobalSection(SolutionProperties) = preSolution
		HideSolutionNode = FALSE
	EndGlobalSection
	GlobalSection(ExtensibilityGlobals) = postSolution
		SolutionGuid = {C6BC6B37-CE85-43D0-A30A-4A0F002C93AF}
	EndGlobalSection
EndGlobal
